
Microsoft Visual Studio Solution File, Format Version 12.00
# Visual Studio Version 17
VisualStudioVersion = 17.14.36109.1 d17.14
MinimumVisualStudioVersion = 10.0.40219.1
Project("{FAE04EC0-301F-11D3-BF4B-00C04F79EFBC}") = "Entities", "Entities\Entities.csproj", "{4FB12F6A-F92D-4ECB-848C-2FAC31B2C8E6}"
EndProject
Project("{FAE04EC0-301F-11D3-BF4B-00C04F79EFBC}") = "ByaCellLib", "ByaCellLib\ByaCellLib.csproj", "{1E52DB09-E786-4663-916F-E8E698BEDAE6}"
EndProject
Project("{FAE04EC0-301F-11D3-BF4B-00C04F79EFBC}") = "ByaCellApp", "ByaCellApp\ByaCellApp.csproj", "{D96DC340-EEF1-479E-9DC8-713781D41E7B}"
EndProject
Project("{FAE04EC0-301F-11D3-BF4B-00C04F79EFBC}") = "Interfaces", "Interfaces\Interfaces.csproj", "{60587F1F-A2AB-43C2-AF31-A0C1357176F7}"
EndProject
Project("{FAE04EC0-301F-11D3-BF4B-00C04F79EFBC}") = "Bootstrapper", "Bootstrapper\Bootstrapper.csproj", "{FB5934BC-44A8-491F-A964-8856B449659B}"
EndProject
Project("{2150E333-8FDC-42A3-9474-1A3956D46DE8}") = "Solution Items", "Solution Items", "{D1355433-19CA-4F35-9D9A-E5E20EF7F8B8}"
	ProjectSection(SolutionItems) = preProject
		LICENSE = LICENSE
		README.md = README.md
		THIRD-PARTY-NOTICES.txt = THIRD-PARTY-NOTICES.txt
	EndProjectSection
EndProject
Project("{FAE04EC0-301F-11D3-BF4B-00C04F79EFBC}") = "ByaCellLib.UnitTests", "ByaCellLib.UnitTests\ByaCellLib.UnitTests.csproj", "{539DADE4-FAAE-4794-B8E5-D506CE3D9E8B}"
EndProject
Global
	GlobalSection(SolutionConfigurationPlatforms) = preSolution
		Debug|Any CPU = Debug|Any CPU
		Debug|x64 = Debug|x64
		Debug|x86 = Debug|x86
		Release|Any CPU = Release|Any CPU
		Release|x64 = Release|x64
		Release|x86 = Release|x86
	EndGlobalSection
	GlobalSection(ProjectConfigurationPlatforms) = postSolution
		{4FB12F6A-F92D-4ECB-848C-2FAC31B2C8E6}.Debug|Any CPU.ActiveCfg = Debug|Any CPU
		{4FB12F6A-F92D-4ECB-848C-2FAC31B2C8E6}.Debug|Any CPU.Build.0 = Debug|Any CPU
		{4FB12F6A-F92D-4ECB-848C-2FAC31B2C8E6}.Debug|x64.ActiveCfg = Debug|Any CPU
		{4FB12F6A-F92D-4ECB-848C-2FAC31B2C8E6}.Debug|x64.Build.0 = Debug|Any CPU
		{4FB12F6A-F92D-4ECB-848C-2FAC31B2C8E6}.Debug|x86.ActiveCfg = Debug|Any CPU
		{4FB12F6A-F92D-4ECB-848C-2FAC31B2C8E6}.Debug|x86.Build.0 = Debug|Any CPU
		{4FB12F6A-F92D-4ECB-848C-2FAC31B2C8E6}.Release|Any CPU.ActiveCfg = Release|Any CPU
		{4FB12F6A-F92D-4ECB-848C-2FAC31B2C8E6}.Release|Any CPU.Build.0 = Release|Any CPU
		{4FB12F6A-F92D-4ECB-848C-2FAC31B2C8E6}.Release|x64.ActiveCfg = Release|Any CPU
		{4FB12F6A-F92D-4ECB-848C-2FAC31B2C8E6}.Release|x64.Build.0 = Release|Any CPU
		{4FB12F6A-F92D-4ECB-848C-2FAC31B2C8E6}.Release|x86.ActiveCfg = Release|Any CPU
		{4FB12F6A-F92D-4ECB-848C-2FAC31B2C8E6}.Release|x86.Build.0 = Release|Any CPU
		{1E52DB09-E786-4663-916F-E8E698BEDAE6}.Debug|Any CPU.ActiveCfg = Debug|Any CPU
		{1E52DB09-E786-4663-916F-E8E698BEDAE6}.Debug|Any CPU.Build.0 = Debug|Any CPU
		{1E52DB09-E786-4663-916F-E8E698BEDAE6}.Debug|x64.ActiveCfg = Debug|Any CPU
		{1E52DB09-E786-4663-916F-E8E698BEDAE6}.Debug|x64.Build.0 = Debug|Any CPU
		{1E52DB09-E786-4663-916F-E8E698BEDAE6}.Debug|x86.ActiveCfg = Debug|Any CPU
		{1E52DB09-E786-4663-916F-E8E698BEDAE6}.Debug|x86.Build.0 = Debug|Any CPU
		{1E52DB09-E786-4663-916F-E8E698BEDAE6}.Release|Any CPU.ActiveCfg = Release|Any CPU
		{1E52DB09-E786-4663-916F-E8E698BEDAE6}.Release|Any CPU.Build.0 = Release|Any CPU
		{1E52DB09-E786-4663-916F-E8E698BEDAE6}.Release|x64.ActiveCfg = Release|Any CPU
		{1E52DB09-E786-4663-916F-E8E698BEDAE6}.Release|x64.Build.0 = Release|Any CPU
		{1E52DB09-E786-4663-916F-E8E698BEDAE6}.Release|x86.ActiveCfg = Release|Any CPU
		{1E52DB09-E786-4663-916F-E8E698BEDAE6}.Release|x86.Build.0 = Release|Any CPU
		{D96DC340-EEF1-479E-9DC8-713781D41E7B}.Debug|Any CPU.ActiveCfg = Debug|Any CPU
		{D96DC340-EEF1-479E-9DC8-713781D41E7B}.Debug|Any CPU.Build.0 = Debug|Any CPU
		{D96DC340-EEF1-479E-9DC8-713781D41E7B}.Debug|x64.ActiveCfg = Debug|x64
		{D96DC340-EEF1-479E-9DC8-713781D41E7B}.Debug|x64.Build.0 = Debug|x64
		{D96DC340-EEF1-479E-9DC8-713781D41E7B}.Debug|x86.ActiveCfg = Debug|x86
		{D96DC340-EEF1-479E-9DC8-713781D41E7B}.Debug|x86.Build.0 = Debug|x86
		{D96DC340-EEF1-479E-9DC8-713781D41E7B}.Release|Any CPU.ActiveCfg = Release|Any CPU
		{D96DC340-EEF1-479E-9DC8-713781D41E7B}.Release|Any CPU.Build.0 = Release|Any CPU
		{D96DC340-EEF1-479E-9DC8-713781D41E7B}.Release|x64.ActiveCfg = Release|x64
		{D96DC340-EEF1-479E-9DC8-713781D41E7B}.Release|x64.Build.0 = Release|x64
		{D96DC340-EEF1-479E-9DC8-713781D41E7B}.Release|x86.ActiveCfg = Release|x86
		{D96DC340-EEF1-479E-9DC8-713781D41E7B}.Release|x86.Build.0 = Release|x86
		{60587F1F-A2AB-43C2-AF31-A0C1357176F7}.Debug|Any CPU.ActiveCfg = Debug|Any CPU
		{60587F1F-A2AB-43C2-AF31-A0C1357176F7}.Debug|Any CPU.Build.0 = Debug|Any CPU
		{60587F1F-A2AB-43C2-AF31-A0C1357176F7}.Debug|x64.ActiveCfg = Debug|Any CPU
		{60587F1F-A2AB-43C2-AF31-A0C1357176F7}.Debug|x64.Build.0 = Debug|Any CPU
		{60587F1F-A2AB-43C2-AF31-A0C1357176F7}.Debug|x86.ActiveCfg = Debug|Any CPU
		{60587F1F-A2AB-43C2-AF31-A0C1357176F7}.Debug|x86.Build.0 = Debug|Any CPU
		{60587F1F-A2AB-43C2-AF31-A0C1357176F7}.Release|Any CPU.ActiveCfg = Release|Any CPU
		{60587F1F-A2AB-43C2-AF31-A0C1357176F7}.Release|Any CPU.Build.0 = Release|Any CPU
		{60587F1F-A2AB-43C2-AF31-A0C1357176F7}.Release|x64.ActiveCfg = Release|Any CPU
		{60587F1F-A2AB-43C2-AF31-A0C1357176F7}.Release|x64.Build.0 = Release|Any CPU
		{60587F1F-A2AB-43C2-AF31-A0C1357176F7}.Release|x86.ActiveCfg = Release|Any CPU
		{60587F1F-A2AB-43C2-AF31-A0C1357176F7}.Release|x86.Build.0 = Release|Any CPU
		{FB5934BC-44A8-491F-A964-8856B449659B}.Debug|Any CPU.ActiveCfg = Debug|Any CPU
		{FB5934BC-44A8-491F-A964-8856B449659B}.Debug|Any CPU.Build.0 = Debug|Any CPU
		{FB5934BC-44A8-491F-A964-8856B449659B}.Debug|x64.ActiveCfg = Debug|Any CPU
		{FB5934BC-44A8-491F-A964-8856B449659B}.Debug|x64.Build.0 = Debug|Any CPU
		{FB5934BC-44A8-491F-A964-8856B449659B}.Debug|x86.ActiveCfg = Debug|Any CPU
		{FB5934BC-44A8-491F-A964-8856B449659B}.Debug|x86.Build.0 = Debug|Any CPU
		{FB5934BC-44A8-491F-A964-8856B449659B}.Release|Any CPU.ActiveCfg = Release|Any CPU
		{FB5934BC-44A8-491F-A964-8856B449659B}.Release|Any CPU.Build.0 = Release|Any CPU
		{FB5934BC-44A8-491F-A964-8856B449659B}.Release|x64.ActiveCfg = Release|Any CPU
		{FB5934BC-44A8-491F-A964-8856B449659B}.Release|x64.Build.0 = Release|Any CPU
		{FB5934BC-44A8-491F-A964-8856B449659B}.Release|x86.ActiveCfg = Release|Any CPU
		{FB5934BC-44A8-491F-A964-8856B449659B}.Release|x86.Build.0 = Release|Any CPU
		{539DADE4-FAAE-4794-B8E5-D506CE3D9E8B}.Debug|Any CPU.ActiveCfg = Debug|Any CPU
		{539DADE4-FAAE-4794-B8E5-D506CE3D9E8B}.Debug|Any CPU.Build.0 = Debug|Any CPU
		{539DADE4-FAAE-4794-B8E5-D506CE3D9E8B}.Debug|x64.ActiveCfg = Debug|Any CPU
		{539DADE4-FAAE-4794-B8E5-D506CE3D9E8B}.Debug|x64.Build.0 = Debug|Any CPU
		{539DADE4-FAAE-4794-B8E5-D506CE3D9E8B}.Debug|x86.ActiveCfg = Debug|Any CPU
		{539DADE4-FAAE-4794-B8E5-D506CE3D9E8B}.Debug|x86.Build.0 = Debug|Any CPU
		{539DADE4-FAAE-4794-B8E5-D506CE3D9E8B}.Release|Any CPU.ActiveCfg = Release|Any CPU
		{539DADE4-FAAE-4794-B8E5-D506CE3D9E8B}.Release|Any CPU.Build.0 = Release|Any CPU
		{539DADE4-FAAE-4794-B8E5-D506CE3D9E8B}.Release|x64.ActiveCfg = Release|Any CPU
		{539DADE4-FAAE-4794-B8E5-D506CE3D9E8B}.Release|x64.Build.0 = Release|Any CPU
		{539DADE4-FAAE-4794-B8E5-D506CE3D9E8B}.Release|x86.ActiveCfg = Release|Any CPU
		{539DADE4-FAAE-4794-B8E5-D506CE3D9E8B}.Release|x86.Build.0 = Release|Any CPU
	EndGlobalSection
	GlobalSection(SolutionProperties) = preSolution
		HideSolutionNode = FALSE
	EndGlobalSection
	GlobalSection(ExtensibilityGlobals) = postSolution
		SolutionGuid = {04D6FF0D-72D7-41EA-8527-DE2746E59255}
	EndGlobalSection
EndGlobal
